github.com/finosorg-labs/ds-c/sdk v1.1.4 h1:uQz9UguDG5jzAQAM7g2U042clZ5vFq1S2LeZclXMVc0=
github.com/finosorg-labs/ds-c/sdk v1.1.4/go.mod h1:vdPeXArBPZw2JiGIBTpLB38gFNY3Ff00viWevUHUHeU=
github.com/finosorg-labs/exchange-c/orderbook v1.0.6 h1:Zf+pSxks/mYBMmePzOEGrAQUVU4+jU6G3oIXlxcfgNk=
github.com/finosorg-labs/exchange-c/orderbook v1.0.6/go.mod h1:DfBA2O0hSo1EL7XSRxALD8GZEYg4llxwlQIw8JnwYUA=
github.com/finosorg-labs/hash-c/sdk v1.0.2 h1:ekefIFGMbwGtWcVK9PIvjUZW7mQf5Q94T+VCRpC0A9s=
github.com/finosorg-labs/hash-c/sdk v1.0.2/go.mod h1:yJ2NYAmsPWn+/shSZsSyEgHGAFEV67yfE8zcoE7VrKk=
