github.com/finosorg-labs/ds-c/sdk v1.1.2 h1:GpkfFCZPKfzNzUlLQCuWVhNDvwh6Ig3MAS0HMrN3934=
github.com/finosorg-labs/ds-c/sdk v1.1.2/go.mod h1:vdPeXArBPZw2JiGIBTpLB38gFNY3Ff00viWevUHUHeU=
github.com/finosorg-labs/exchange-c/orderbook v1.0.1 h1:wOHjZu+1h6TtmxSldjxgcXbyUI2BUhPVZGcexSqfgbc=
github.com/finosorg-labs/exchange-c/orderbook v1.0.1/go.mod h1:O7+Z7JLsVcTxQLvl61jFFCIn0PML6W7uF2CFxsTGLwA=
github.com/finosorg-labs/hash-c/sdk v1.0.1 h1:cDPnpo95UgJr7id9Jfmj7JVprg8AsZ18d9EDh4D4Ikw=
github.com/finosorg-labs/hash-c/sdk v1.0.1/go.mod h1:yJ2NYAmsPWn+/shSZsSyEgHGAFEV67yfE8zcoE7VrKk=
